
Microsoft Visual Studio Solution File, Format Version 12.00
# Visual Studio 14
VisualStudioVersion = 14.0.24720.0
MinimumVisualStudioVersion = 10.0.40219.1
Project("{FAE04EC0-301F-11D3-BF4B-00C04F79EFBC}") = "Harman.Pulse", "Harman.Pulse\Harman.Pulse.csproj", "{0E89F079-12B4-475B-8782-3A1C9A74A158}"
EndProject
Project("{FAE04EC0-301F-11D3-BF4B-00C04F79EFBC}") = "HarmanAmbient", "HarmanAmbient\HarmanAmbient\HarmanAmbient.csproj", "{3D9C4F2C-920F-4484-8772-23A2C0982EDF}"
EndProject
Project("{FAE04EC0-301F-11D3-BF4B-00C04F79EFBC}") = "HarmanBluetoothClient", "HarmanBluetoothClient\HarmanBluetoothClient\HarmanBluetoothClient.csproj", "{86CD433A-8CDE-49D3-B206-CB503C45B967}"
EndProject
Global
	GlobalSection(SolutionConfigurationPlatforms) = preSolution
		Debug|Any CPU = Debug|Any CPU
		Release|Any CPU = Release|Any CPU
	EndGlobalSection
	GlobalSection(ProjectConfigurationPlatforms) = postSolution
		{0E89F079-12B4-475B-8782-3A1C9A74A158}.Debug|Any CPU.ActiveCfg = Debug|Any CPU
		{0E89F079-12B4-475B-8782-3A1C9A74A158}.Debug|Any CPU.Build.0 = Debug|Any CPU
		{0E89F079-12B4-475B-8782-3A1C9A74A158}.Release|Any CPU.ActiveCfg = Release|Any CPU
		{0E89F079-12B4-475B-8782-3A1C9A74A158}.Release|Any CPU.Build.0 = Release|Any CPU
		{3D9C4F2C-920F-4484-8772-23A2C0982EDF}.Debug|Any CPU.ActiveCfg = Debug|Any CPU
		{3D9C4F2C-920F-4484-8772-23A2C0982EDF}.Debug|Any CPU.Build.0 = Debug|Any CPU
		{3D9C4F2C-920F-4484-8772-23A2C0982EDF}.Release|Any CPU.ActiveCfg = Release|Any CPU
		{3D9C4F2C-920F-4484-8772-23A2C0982EDF}.Release|Any CPU.Build.0 = Release|Any CPU
		{86CD433A-8CDE-49D3-B206-CB503C45B967}.Debug|Any CPU.ActiveCfg = Debug|Any CPU
		{86CD433A-8CDE-49D3-B206-CB503C45B967}.Debug|Any CPU.Build.0 = Debug|Any CPU
		{86CD433A-8CDE-49D3-B206-CB503C45B967}.Release|Any CPU.ActiveCfg = Release|Any CPU
		{86CD433A-8CDE-49D3-B206-CB503C45B967}.Release|Any CPU.Build.0 = Release|Any CPU
	EndGlobalSection
	GlobalSection(SolutionProperties) = preSolution
		HideSolutionNode = FALSE
	EndGlobalSection
EndGlobal
